{
  "version": 4,
  "terraform_version": "1.3.1",
  "serial": 38,
  "lineage": "e35b4fae-1693-27de-b3ed-f0df558ce0cf",
  "outputs": {},
  "resources": [
    {
      "mode": "managed",
      "type": "aws_iam_access_key",
      "name": "access_key",
      "provider": "provider[\"registry.terraform.io/hashicorp/aws\"]",
      "instances": [
        {
          "schema_version": 0,
          "attributes": {
            "create_date": "2022-10-01T15:13:14Z",
            "encrypted_secret": null,
            "encrypted_ses_smtp_password_v4": null,
            "id": "AKIAY3B34DWEQDZH4CUQ",
            "key_fingerprint": null,
            "pgp_key": null,
            "secret": "Pcq515eo/+LJBrQ82zvKKxRGeRtj5j5qi9KD6H0L",
            "ses_smtp_password_v4": "BEAPRUo9ZYh9IaubmkpqWj+oKU1n5blRVHgs++xEM4LE",
            "status": "Active",
            "user": "aws_olexandr"
          },
          "sensitive_attributes": [],
          "private": "bnVsbA==",
          "dependencies": [
            "aws_iam_user.admin"
          ]
        }
      ]
    },
    {
      "mode": "managed",
      "type": "aws_iam_group",
      "name": "administrators",
      "provider": "provider[\"registry.terraform.io/hashicorp/aws\"]",
      "instances": [
        {
          "schema_version": 0,
          "attributes": {
            "arn": "arn:aws:iam::607863446921:group/users/administrators",
            "id": "administrators",
            "name": "administrators",
            "path": "/users/",
            "unique_id": "AGPAY3B34DWEVGZAPXMI7"
          },
          "sensitive_attributes": [],
          "private": "bnVsbA=="
        }
      ]
    },
    {
      "mode": "managed",
      "type": "aws_iam_group_membership",
      "name": "membership",
      "provider": "provider[\"registry.terraform.io/hashicorp/aws\"]",
      "instances": [
        {
          "schema_version": 0,
          "attributes": {
            "group": "administrators",
            "id": "administrators-group-membership",
            "name": "administrators-group-membership",
            "users": [
              "aws_olexandr"
            ]
          },
          "sensitive_attributes": [],
          "private": "bnVsbA==",
          "dependencies": [
            "aws_iam_group.administrators"
          ]
        }
      ]
    },
    {
      "mode": "managed",
      "type": "aws_iam_policy_attachment",
      "name": "attach",
      "provider": "provider[\"registry.terraform.io/hashicorp/aws\"]",
      "instances": []
    },
    {
      "mode": "managed",
      "type": "aws_iam_user",
      "name": "admin",
      "provider": "provider[\"registry.terraform.io/hashicorp/aws\"]",
      "instances": [
        {
          "schema_version": 0,
          "attributes": {
            "arn": "arn:aws:iam::607863446921:user/system/aws_olexandr",
            "force_destroy": false,
            "id": "aws_olexandr",
            "name": "aws_olexandr",
            "path": "/system/",
            "permissions_boundary": null,
            "tags": {},
            "tags_all": {},
            "unique_id": "AIDAY3B34DWEXLDF2AUWZ"
          },
          "sensitive_attributes": [],
          "private": "bnVsbA=="
        }
      ]
    }
  ],
  "check_results": []
}
